// !$*UTF8*$!
{
	archiveVersion = 1;
	classes = {
	};
	objectVersion = 46;
	objects = {

/* Begin PBXBuildFile section */
		5237D0BD199A98C800DE55B5 /* Foundation.framework in Frameworks */ = {isa = PBXBuildFile; fileRef = 5237D0BC199A98C800DE55B5 /* Foundation.framework */; };
		5237D0BF199A98C800DE55B5 /* CoreGraphics.framework in Frameworks */ = {isa = PBXBuildFile; fileRef = 5237D0BE199A98C800DE55B5 /* CoreGraphics.framework */; };
		5237D0C1199A98C800DE55B5 /* UIKit.framework in Frameworks */ = {isa = PBXBuildFile; fileRef = 5237D0C0199A98C800DE55B5 /* UIKit.framework */; };
		5237D0C7199A98C800DE55B5 /* InfoPlist.strings in Resources */ = {isa = PBXBuildFile; fileRef = 5237D0C5199A98C800DE55B5 /* InfoPlist.strings */; };
		5237D0C9199A98C800DE55B5 /* main.m in Sources */ = {isa = PBXBuildFile; fileRef = 5237D0C8199A98C800DE55B5 /* main.m */; };
		5237D0CD199A98C800DE55B5 /* AppDelegate.m in Sources */ = {isa = PBXBuildFile; fileRef = 5237D0CC199A98C800DE55B5 /* AppDelegate.m */; };
		5237D0D0199A98C800DE55B5 /* Main.storyboard in Resources */ = {isa = PBXBuildFile; fileRef = 5237D0CE199A98C800DE55B5 /* Main.storyboard */; };
		5237D0D3199A98C800DE55B5 /* FirstViewController.m in Sources */ = {isa = PBXBuildFile; fileRef = 5237D0D2199A98C800DE55B5 /* FirstViewController.m */; };
		5237D0D6199A98C800DE55B5 /* SecondViewController.m in Sources */ = {isa = PBXBuildFile; fileRef = 5237D0D5199A98C800DE55B5 /* SecondViewController.m */; };
		5237D0D8199A98C800DE55B5 /* Images.xcassets in Resources */ = {isa = PBXBuildFile; fileRef = 5237D0D7199A98C800DE55B5 /* Images.xcassets */; };
		5237D0DF199A98C900DE55B5 /* XCTest.framework in Frameworks */ = {isa = PBXBuildFile; fileRef = 5237D0DE199A98C900DE55B5 /* XCTest.framework */; };
		5237D0E0199A98C900DE55B5 /* Foundation.framework in Frameworks */ = {isa = PBXBuildFile; fileRef = 5237D0BC199A98C800DE55B5 /* Foundation.framework */; };
		5237D0E1199A98C900DE55B5 /* UIKit.framework in Frameworks */ = {isa = PBXBuildFile; fileRef = 5237D0C0199A98C800DE55B5 /* UIKit.framework */; };
		5237D0E9199A98C900DE55B5 /* InfoPlist.strings in Resources */ = {isa = PBXBuildFile; fileRef = 5237D0E7199A98C900DE55B5 /* InfoPlist.strings */; };
		5237D0EB199A98C900DE55B5 /* ScreenMockDemoTests.m in Sources */ = {isa = PBXBuildFile; fileRef = 5237D0EA199A98C900DE55B5 /* ScreenMockDemoTests.m */; };
		5237D0F6199AA0E500DE55B5 /* MultiScreenScrollViewController.m in Sources */ = {isa = PBXBuildFile; fileRef = 5237D0F5199AA0E500DE55B5 /* MultiScreenScrollViewController.m */; };
		5237D0F9199AAA9B00DE55B5 /* MainTableViewController.m in Sources */ = {isa = PBXBuildFile; fileRef = 5237D0F8199AAA9B00DE55B5 /* MainTableViewController.m */; };
		5237D0FC199AB2D900DE55B5 /* VerticalButtonViewController.m in Sources */ = {isa = PBXBuildFile; fileRef = 5237D0FB199AB2D900DE55B5 /* VerticalButtonViewController.m */; };
		5237D0FF199BACDB00DE55B5 /* SecondaryTableViewController.m in Sources */ = {isa = PBXBuildFile; fileRef = 5237D0FE199BACDA00DE55B5 /* SecondaryTableViewController.m */; };
		5237D102199BB10400DE55B5 /* SecondaryTVDetailViewController.m in Sources */ = {isa = PBXBuildFile; fileRef = 5237D101199BB10400DE55B5 /* SecondaryTVDetailViewController.m */; };
		5237D105199BBCE700DE55B5 /* iCarousel.m in Sources */ = {isa = PBXBuildFile; fileRef = 5237D104199BBCE700DE55B5 /* iCarousel.m */; };
		5237D108199BBF2700DE55B5 /* CoverFlowViewController.m in Sources */ = {isa = PBXBuildFile; fileRef = 5237D107199BBF2700DE55B5 /* CoverFlowViewController.m */; };
		5237D10B199BE1CF00DE55B5 /* btSimplePopUP.m in Sources */ = {isa = PBXBuildFile; fileRef = 5237D10A199BE1CF00DE55B5 /* btSimplePopUP.m */; };
		5237D10E199BE21B00DE55B5 /* PopupViewController.m in Sources */ = {isa = PBXBuildFile; fileRef = 5237D10D199BE21B00DE55B5 /* PopupViewController.m */; };
		52BC6A28199D101700EC92BA /* SideScrollMenuView.m in Sources */ = {isa = PBXBuildFile; fileRef = 52BC6A27199D101700EC92BA /* SideScrollMenuView.m */; };
		52BC6A2B199D148C00EC92BA /* SideScrollMenuViewController.m in Sources */ = {isa = PBXBuildFile; fileRef = 52BC6A2A199D148C00EC92BA /* SideScrollMenuViewController.m */; };
/* End PBXBuildFile section */

/* Begin PBXContainerItemProxy section */
		5237D0E2199A98C900DE55B5 /* PBXContainerItemProxy */ = {
			isa = PBXContainerItemProxy;
			containerPortal = 5237D0B1199A98C800DE55B5 /* Project object */;
			proxyType = 1;
			remoteGlobalIDString = 5237D0B8199A98C800DE55B5;
			remoteInfo = ScreenMockDemo;
		};
/* End PBXContainerItemProxy section */

/* Begin PBXFileReference section */
		5237D0B9199A98C800DE55B5 /* ScreenMockDemo.app */ = {isa = PBXFileReference; explicitFileType = wrapper.application; includeInIndex = 0; path = ScreenMockDemo.app; sourceTree = BUILT_PRODUCTS_DIR; };
		5237D0BC199A98C800DE55B5 /* Foundation.framework */ = {isa = PBXFileReference; lastKnownFileType = wrapper.framework; name = Foundation.framework; path = System/Library/Frameworks/Foundation.framework; sourceTree = SDKROOT; };
		5237D0BE199A98C800DE55B5 /* CoreGraphics.framework */ = {isa = PBXFileReference; lastKnownFileType = wrapper.framework; name = CoreGraphics.framework; path = System/Library/Frameworks/CoreGraphics.framework; sourceTree = SDKROOT; };
		5237D0C0199A98C800DE55B5 /* UIKit.framework */ = {isa = PBXFileReference; lastKnownFileType = wrapper.framework; name = UIKit.framework; path = System/Library/Frameworks/UIKit.framework; sourceTree = SDKROOT; };
		5237D0C4199A98C800DE55B5 /* ScreenMockDemo-Info.plist */ = {isa = PBXFileReference; lastKnownFileType = text.plist.xml; path = "ScreenMockDemo-Info.plist"; sourceTree = "<group>"; };
		5237D0C6199A98C800DE55B5 /* en */ = {isa = PBXFileReference; lastKnownFileType = text.plist.strings; name = en; path = en.lproj/InfoPlist.strings; sourceTree = "<group>"; };
		5237D0C8199A98C800DE55B5 /* main.m */ = {isa = PBXFileReference; lastKnownFileType = sourcecode.c.objc; path = main.m; sourceTree = "<group>"; };
		5237D0CA199A98C800DE55B5 /* ScreenMockDemo-Prefix.pch */ = {isa = PBXFileReference; lastKnownFileType = sourcecode.c.h; path = "ScreenMockDemo-Prefix.pch"; sourceTree = "<group>"; };
		5237D0CB199A98C800DE55B5 /* AppDelegate.h */ = {isa = PBXFileReference; lastKnownFileType = sourcecode.c.h; path = AppDelegate.h; sourceTree = "<group>"; };
		5237D0CC199A98C800DE55B5 /* AppDelegate.m */ = {isa = PBXFileReference; lastKnownFileType = sourcecode.c.objc; path = AppDelegate.m; sourceTree = "<group>"; };
		5237D0CF199A98C800DE55B5 /* Base */ = {isa = PBXFileReference; lastKnownFileType = file.storyboard; name = Base; path = Base.lproj/Main.storyboard; sourceTree = "<group>"; };
		5237D0D1199A98C800DE55B5 /* FirstViewController.h */ = {isa = PBXFileReference; lastKnownFileType = sourcecode.c.h; path = FirstViewController.h; sourceTree = "<group>"; };
		5237D0D2199A98C800DE55B5 /* FirstViewController.m */ = {isa = PBXFileReference; lastKnownFileType = sourcecode.c.objc; path = FirstViewController.m; sourceTree = "<group>"; };
		5237D0D4199A98C800DE55B5 /* SecondViewController.h */ = {isa = PBXFileReference; lastKnownFileType = sourcecode.c.h; path = SecondViewController.h; sourceTree = "<group>"; };
		5237D0D5199A98C800DE55B5 /* SecondViewController.m */ = {isa = PBXFileReference; lastKnownFileType = sourcecode.c.objc; path = SecondViewController.m; sourceTree = "<group>"; };
		5237D0D7199A98C800DE55B5 /* Images.xcassets */ = {isa = PBXFileReference; lastKnownFileType = folder.assetcatalog; path = Images.xcassets; sourceTree = "<group>"; };
		5237D0DD199A98C900DE55B5 /* ScreenMockDemoTests.xctest */ = {isa = PBXFileReference; explicitFileType = wrapper.cfbundle; includeInIndex = 0; path = ScreenMockDemoTests.xctest; sourceTree = BUILT_PRODUCTS_DIR; };
		5237D0DE199A98C900DE55B5 /* XCTest.framework */ = {isa = PBXFileReference; lastKnownFileType = wrapper.framework; name = XCTest.framework; path = Library/Frameworks/XCTest.framework; sourceTree = DEVELOPER_DIR; };
		5237D0E6199A98C900DE55B5 /* ScreenMockDemoTests-Info.plist */ = {isa = PBXFileReference; lastKnownFileType = text.plist.xml; path = "ScreenMockDemoTests-Info.plist"; sourceTree = "<group>"; };
		5237D0E8199A98C900DE55B5 /* en */ = {isa = PBXFileReference; lastKnownFileType = text.plist.strings; name = en; path = en.lproj/InfoPlist.strings; sourceTree = "<group>"; };
		5237D0EA199A98C900DE55B5 /* ScreenMockDemoTests.m */ = {isa = PBXFileReference; lastKnownFileType = sourcecode.c.objc; path = ScreenMockDemoTests.m; sourceTree = "<group>"; };
		5237D0F4199AA0E500DE55B5 /* MultiScreenScrollViewController.h */ = {isa = PBXFileReference; fileEncoding = 4; lastKnownFileType = sourcecode.c.h; path = MultiScreenScrollViewController.h; sourceTree = "<group>"; };
		5237D0F5199AA0E500DE55B5 /* MultiScreenScrollViewController.m */ = {isa = PBXFileReference; fileEncoding = 4; lastKnownFileType = sourcecode.c.objc; path = MultiScreenScrollViewController.m; sourceTree = "<group>"; };
		5237D0F7199AAA9B00DE55B5 /* MainTableViewController.h */ = {isa = PBXFileReference; fileEncoding = 4; lastKnownFileType = sourcecode.c.h; path = MainTableViewController.h; sourceTree = "<group>"; };
		5237D0F8199AAA9B00DE55B5 /* MainTableViewController.m */ = {isa = PBXFileReference; fileEncoding = 4; lastKnownFileType = sourcecode.c.objc; path = MainTableViewController.m; sourceTree = "<group>"; };
		5237D0FA199AB2D900DE55B5 /* VerticalButtonViewController.h */ = {isa = PBXFileReference; fileEncoding = 4; lastKnownFileType = sourcecode.c.h; path = VerticalButtonViewController.h; sourceTree = "<group>"; };
		5237D0FB199AB2D900DE55B5 /* VerticalButtonViewController.m */ = {isa = PBXFileReference; fileEncoding = 4; lastKnownFileType = sourcecode.c.objc; path = VerticalButtonViewController.m; sourceTree = "<group>"; };
		5237D0FD199BACDA00DE55B5 /* SecondaryTableViewController.h */ = {isa = PBXFileReference; fileEncoding = 4; lastKnownFileType = sourcecode.c.h; path = SecondaryTableViewController.h; sourceTree = "<group>"; };
		5237D0FE199BACDA00DE55B5 /* SecondaryTableViewController.m */ = {isa = PBXFileReference; fileEncoding = 4; lastKnownFileType = sourcecode.c.objc; path = SecondaryTableViewController.m; sourceTree = "<group>"; };
		5237D100199BB10400DE55B5 /* SecondaryTVDetailViewController.h */ = {isa = PBXFileReference; fileEncoding = 4; lastKnownFileType = sourcecode.c.h; path = SecondaryTVDetailViewController.h; sourceTree = "<group>"; };
		5237D101199BB10400DE55B5 /* SecondaryTVDetailViewController.m */ = {isa = PBXFileReference; fileEncoding = 4; lastKnownFileType = sourcecode.c.objc; path = SecondaryTVDetailViewController.m; sourceTree = "<group>"; };
		5237D103199BBCE700DE55B5 /* iCarousel.h */ = {isa = PBXFileReference; fileEncoding = 4; lastKnownFileType = sourcecode.c.h; path = iCarousel.h; sourceTree = "<group>"; };
		5237D104199BBCE700DE55B5 /* iCarousel.m */ = {isa = PBXFileReference; fileEncoding = 4; lastKnownFileType = sourcecode.c.objc; path = iCarousel.m; sourceTree = "<group>"; };
		5237D106199BBF2700DE55B5 /* CoverFlowViewController.h */ = {isa = PBXFileReference; fileEncoding = 4; lastKnownFileType = sourcecode.c.h; path = CoverFlowViewController.h; sourceTree = "<group>"; };
		5237D107199BBF2700DE55B5 /* CoverFlowViewController.m */ = {isa = PBXFileReference; fileEncoding = 4; lastKnownFileType = sourcecode.c.objc; path = CoverFlowViewController.m; sourceTree = "<group>"; };
		5237D109199BE1CF00DE55B5 /* btSimplePopUP.h */ = {isa = PBXFileReference; fileEncoding = 4; lastKnownFileType = sourcecode.c.h; path = btSimplePopUP.h; sourceTree = "<group>"; };
		5237D10A199BE1CF00DE55B5 /* btSimplePopUP.m */ = {isa = PBXFileReference; fileEncoding = 4; lastKnownFileType = sourcecode.c.objc; path = btSimplePopUP.m; sourceTree = "<group>"; };
		5237D10C199BE21B00DE55B5 /* PopupViewController.h */ = {isa = PBXFileReference; fileEncoding = 4; lastKnownFileType = sourcecode.c.h; path = PopupViewController.h; sourceTree = "<group>"; };
		5237D10D199BE21B00DE55B5 /* PopupViewController.m */ = {isa = PBXFileReference; fileEncoding = 4; lastKnownFileType = sourcecode.c.objc; path = PopupViewController.m; sourceTree = "<group>"; };
		52BC6A26199D101700EC92BA /* SideScrollMenuView.h */ = {isa = PBXFileReference; fileEncoding = 4; lastKnownFileType = sourcecode.c.h; path = SideScrollMenuView.h; sourceTree = "<group>"; };
		52BC6A27199D101700EC92BA /* SideScrollMenuView.m */ = {isa = PBXFileReference; fileEncoding = 4; lastKnownFileType = sourcecode.c.objc; path = SideScrollMenuView.m; sourceTree = "<group>"; };
		52BC6A29199D148C00EC92BA /* SideScrollMenuViewController.h */ = {isa = PBXFileReference; fileEncoding = 4; lastKnownFileType = sourcecode.c.h; path = SideScrollMenuViewController.h; sourceTree = "<group>"; };
		52BC6A2A199D148C00EC92BA /* SideScrollMenuViewController.m */ = {isa = PBXFileReference; fileEncoding = 4; lastKnownFileType = sourcecode.c.objc; path = SideScrollMenuViewController.m; sourceTree = "<group>"; };
/* End PBXFileReference section */

/* Begin PBXFrameworksBuildPhase section */
		5237D0B6199A98C800DE55B5 /* Frameworks */ = {
			isa = PBXFrameworksBuildPhase;
			buildActionMask = 2147483647;
			files = (
				5237D0BF199A98C800DE55B5 /* CoreGraphics.framework in Frameworks */,
				5237D0C1199A98C800DE55B5 /* UIKit.framework in Frameworks */,
				5237D0BD199A98C800DE55B5 /* Foundation.framework in Frameworks */,
			);
			runOnlyForDeploymentPostprocessing = 0;
		};
		5237D0DA199A98C900DE55B5 /* Frameworks */ = {
			isa = PBXFrameworksBuildPhase;
			buildActionMask = 2147483647;
			files = (
				5237D0DF199A98C900DE55B5 /* XCTest.framework in Frameworks */,
				5237D0E1199A98C900DE55B5 /* UIKit.framework in Frameworks */,
				5237D0E0199A98C900DE55B5 /* Foundation.framework in Frameworks */,
			);
			runOnlyForDeploymentPostprocessing = 0;
		};
/* End PBXFrameworksBuildPhase section */

/* Begin PBXGroup section */
		5237D0B0199A98C800DE55B5 = {
			isa = PBXGroup;
			children = (
				5237D0C2199A98C800DE55B5 /* ScreenMockDemo */,
				5237D0E4199A98C900DE55B5 /* ScreenMockDemoTests */,
				5237D0BB199A98C800DE55B5 /* Frameworks */,
				5237D0BA199A98C800DE55B5 /* Products */,
			);
			sourceTree = "<group>";
		};
		5237D0BA199A98C800DE55B5 /* Products */ = {
			isa = PBXGroup;
			children = (
				5237D0B9199A98C800DE55B5 /* ScreenMockDemo.app */,
				5237D0DD199A98C900DE55B5 /* ScreenMockDemoTests.xctest */,
			);
			name = Products;
			sourceTree = "<group>";
		};
		5237D0BB199A98C800DE55B5 /* Frameworks */ = {
			isa = PBXGroup;
			children = (
				5237D0BC199A98C800DE55B5 /* Foundation.framework */,
				5237D0BE199A98C800DE55B5 /* CoreGraphics.framework */,
				5237D0C0199A98C800DE55B5 /* UIKit.framework */,
				5237D0DE199A98C900DE55B5 /* XCTest.framework */,
			);
			name = Frameworks;
			sourceTree = "<group>";
		};
		5237D0C2199A98C800DE55B5 /* ScreenMockDemo */ = {
			isa = PBXGroup;
			children = (
				5237D109199BE1CF00DE55B5 /* btSimplePopUP.h */,
				5237D10A199BE1CF00DE55B5 /* btSimplePopUP.m */,
				5237D103199BBCE700DE55B5 /* iCarousel.h */,
				5237D104199BBCE700DE55B5 /* iCarousel.m */,
				5237D0CB199A98C800DE55B5 /* AppDelegate.h */,
				5237D0CC199A98C800DE55B5 /* AppDelegate.m */,
				5237D0CE199A98C800DE55B5 /* Main.storyboard */,
				5237D0D1199A98C800DE55B5 /* FirstViewController.h */,
				5237D0D2199A98C800DE55B5 /* FirstViewController.m */,
				5237D0D4199A98C800DE55B5 /* SecondViewController.h */,
				5237D0D5199A98C800DE55B5 /* SecondViewController.m */,
				5237D0D7199A98C800DE55B5 /* Images.xcassets */,
				5237D0C3199A98C800DE55B5 /* Supporting Files */,
				5237D0F4199AA0E500DE55B5 /* MultiScreenScrollViewController.h */,
				5237D0F5199AA0E500DE55B5 /* MultiScreenScrollViewController.m */,
				5237D0F7199AAA9B00DE55B5 /* MainTableViewController.h */,
				5237D0F8199AAA9B00DE55B5 /* MainTableViewController.m */,
				5237D0FA199AB2D900DE55B5 /* VerticalButtonViewController.h */,
				5237D0FB199AB2D900DE55B5 /* VerticalButtonViewController.m */,
				5237D0FD199BACDA00DE55B5 /* SecondaryTableViewController.h */,
				5237D0FE199BACDA00DE55B5 /* SecondaryTableViewController.m */,
				5237D100199BB10400DE55B5 /* SecondaryTVDetailViewController.h */,
				5237D101199BB10400DE55B5 /* SecondaryTVDetailViewController.m */,
				5237D106199BBF2700DE55B5 /* CoverFlowViewController.h */,
				5237D107199BBF2700DE55B5 /* CoverFlowViewController.m */,
				5237D10C199BE21B00DE55B5 /* PopupViewController.h */,
				5237D10D199BE21B00DE55B5 /* PopupViewController.m */,
				52BC6A26199D101700EC92BA /* SideScrollMenuView.h */,
				52BC6A27199D101700EC92BA /* SideScrollMenuView.m */,
				52BC6A29199D148C00EC92BA /* SideScrollMenuViewController.h */,
				52BC6A2A199D148C00EC92BA /* SideScrollMenuViewController.m */,
			);
			path = ScreenMockDemo;
			sourceTree = "<group>";
		};
		5237D0C3199A98C800DE55B5 /* Supporting Files */ = {
			isa = PBXGroup;
			children = (
				5237D0C4199A98C800DE55B5 /* ScreenMockDemo-Info.plist */,
				5237D0C5199A98C800DE55B5 /* InfoPlist.strings */,
				5237D0C8199A98C800DE55B5 /* main.m */,
				5237D0CA199A98C800DE55B5 /* ScreenMockDemo-Prefix.pch */,
			);
			name = "Supporting Files";
			sourceTree = "<group>";
		};
		5237D0E4199A98C900DE55B5 /* ScreenMockDemoTests */ = {
			isa = PBXGroup;
			children = (
				5237D0EA199A98C900DE55B5 /* ScreenMockDemoTests.m */,
				5237D0E5199A98C900DE55B5 /* Supporting Files */,
			);
			path = ScreenMockDemoTests;
			sourceTree = "<group>";
		};
		5237D0E5199A98C900DE55B5 /* Supporting Files */ = {
			isa = PBXGroup;
			children = (
				5237D0E6199A98C900DE55B5 /* ScreenMockDemoTests-Info.plist */,
				5237D0E7199A98C900DE55B5 /* InfoPlist.strings */,
			);
			name = "Supporting Files";
			sourceTree = "<group>";
		};
/* End PBXGroup section */

/* Begin PBXNativeTarget section */
		5237D0B8199A98C800DE55B5 /* ScreenMockDemo */ = {
			isa = PBXNativeTarget;
			buildConfigurationList = 5237D0EE199A98C900DE55B5 /* Build configuration list for PBXNativeTarget "ScreenMockDemo" */;
			buildPhases = (
				5237D0B5199A98C800DE55B5 /* Sources */,
				5237D0B6199A98C800DE55B5 /* Frameworks */,
				5237D0B7199A98C800DE55B5 /* Resources */,
			);
			buildRules = (
			);
			dependencies = (
			);
			name = ScreenMockDemo;
			productName = ScreenMockDemo;
			productReference = 5237D0B9199A98C800DE55B5 /* ScreenMockDemo.app */;
			productType = "com.apple.product-type.application";
		};
		5237D0DC199A98C900DE55B5 /* ScreenMockDemoTests */ = {
			isa = PBXNativeTarget;
			buildConfigurationList = 5237D0F1199A98C900DE55B5 /* Build configuration list for PBXNativeTarget "ScreenMockDemoTests" */;
			buildPhases = (
				5237D0D9199A98C900DE55B5 /* Sources */,
				5237D0DA199A98C900DE55B5 /* Frameworks */,
				5237D0DB199A98C900DE55B5 /* Resources */,
			);
			buildRules = (
			);
			dependencies = (
				5237D0E3199A98C900DE55B5 /* PBXTargetDependency */,
			);
			name = ScreenMockDemoTests;
			productName = ScreenMockDemoTests;
			productReference = 5237D0DD199A98C900DE55B5 /* ScreenMockDemoTests.xctest */;
			productType = "com.apple.product-type.bundle.unit-test";
		};
/* End PBXNativeTarget section */

/* Begin PBXProject section */
		5237D0B1199A98C800DE55B5 /* Project object */ = {
			isa = PBXProject;
			attributes = {
				LastUpgradeCheck = 0510;
				ORGANIZATIONNAME = CottrellMACW7u;
				TargetAttributes = {
					5237D0DC199A98C900DE55B5 = {
						TestTargetID = 5237D0B8199A98C800DE55B5;
					};
				};
			};
			buildConfigurationList = 5237D0B4199A98C800DE55B5 /* Build configuration list for PBXProject "ScreenMockDemo" */;
			compatibilityVersion = "Xcode 3.2";
			developmentRegion = English;
			hasScannedForEncodings = 0;
			knownRegions = (
				en,
				Base,
			);
			mainGroup = 5237D0B0199A98C800DE55B5;
			productRefGroup = 5237D0BA199A98C800DE55B5 /* Products */;
			projectDirPath = "";
			projectRoot = "";
			targets = (
				5237D0B8199A98C800DE55B5 /* ScreenMockDemo */,
				5237D0DC199A98C900DE55B5 /* ScreenMockDemoTests */,
			);
		};
/* End PBXProject section */

/* Begin PBXResourcesBuildPhase section */
		5237D0B7199A98C800DE55B5 /* Resources */ = {
			isa = PBXResourcesBuildPhase;
			buildActionMask = 2147483647;
			files = (
				5237D0D8199A98C800DE55B5 /* Images.xcassets in Resources */,
				5237D0C7199A98C800DE55B5 /* InfoPlist.strings in Resources */,
				5237D0D0199A98C800DE55B5 /* Main.storyboard in Resources */,
			);
			runOnlyForDeploymentPostprocessing = 0;
		};
		5237D0DB199A98C900DE55B5 /* Resources */ = {
			isa = PBXResourcesBuildPhase;
			buildActionMask = 2147483647;
			files = (
				5237D0E9199A98C900DE55B5 /* InfoPlist.strings in Resources */,
			);
			runOnlyForDeploymentPostprocessing = 0;
		};
/* End PBXResourcesBuildPhase section */

/* Begin PBXSourcesBuildPhase section */
		5237D0B5199A98C800DE55B5 /* Sources */ = {
			isa = PBXSourcesBuildPhase;
			buildActionMask = 2147483647;
			files = (
				5237D0FF199BACDB00DE55B5 /* SecondaryTableViewController.m in Sources */,
				52BC6A28199D101700EC92BA /* SideScrollMenuView.m in Sources */,
				52BC6A2B199D148C00EC92BA /* SideScrollMenuViewController.m in Sources */,
				5237D105199BBCE700DE55B5 /* iCarousel.m in Sources */,
				5237D0D6199A98C800DE55B5 /* SecondViewController.m in Sources */,
				5237D102199BB10400DE55B5 /* SecondaryTVDetailViewController.m in Sources */,
				5237D0CD199A98C800DE55B5 /* AppDelegate.m in Sources */,
				5237D0F9199AAA9B00DE55B5 /* MainTableViewController.m in Sources */,
				5237D0FC199AB2D900DE55B5 /* VerticalButtonViewController.m in Sources */,
				5237D10E199BE21B00DE55B5 /* PopupViewController.m in Sources */,
				5237D0D3199A98C800DE55B5 /* FirstViewController.m in Sources */,
				5237D0F6199AA0E500DE55B5 /* MultiScreenScrollViewController.m in Sources */,
				5237D108199BBF2700DE55B5 /* CoverFlowViewController.m in Sources */,
				5237D10B199BE1CF00DE55B5 /* btSimplePopUP.m in Sources */,
				5237D0C9199A98C800DE55B5 /* main.m in Sources */,
			);
			runOnlyForDeploymentPostprocessing = 0;
		};
		5237D0D9199A98C900DE55B5 /* Sources */ = {
			isa = PBXSourcesBuildPhase;
			buildActionMask = 2147483647;
			files = (
				5237D0EB199A98C900DE55B5 /* ScreenMockDemoTests.m in Sources */,
			);
			runOnlyForDeploymentPostprocessing = 0;
		};
/* End PBXSourcesBuildPhase section */

/* Begin PBXTargetDependency section */
		5237D0E3199A98C900DE55B5 /* PBXTargetDependency */ = {
			isa = PBXTargetDependency;
			target = 5237D0B8199A98C800DE55B5 /* ScreenMockDemo */;
			targetProxy = 5237D0E2199A98C900DE55B5 /* PBXContainerItemProxy */;
		};
/* End PBXTargetDependency section */

/* Begin PBXVariantGroup section */
		5237D0C5199A98C800DE55B5 /* InfoPlist.strings */ = {
			isa = PBXVariantGroup;
			children = (
				5237D0C6199A98C800DE55B5 /* en */,
			);
			name = InfoPlist.strings;
			sourceTree = "<group>";
		};
		5237D0CE199A98C800DE55B5 /* Main.storyboard */ = {
			isa = PBXVariantGroup;
			children = (
				5237D0CF199A98C800DE55B5 /* Base */,
			);
			name = Main.storyboard;
			sourceTree = "<group>";
		};
		5237D0E7199A98C900DE55B5 /* InfoPlist.strings */ = {
			isa = PBXVariantGroup;
			children = (
				5237D0E8199A98C900DE55B5 /* en */,
			);
			name = InfoPlist.strings;
			sourceTree = "<group>";
		};
/* End PBXVariantGroup section */

/* Begin XCBuildConfiguration section */
		5237D0EC199A98C900DE55B5 /* Debug */ = {
			isa = XCBuildConfiguration;
			buildSettings = {
				ALWAYS_SEARCH_USER_PATHS = NO;
				CLANG_CXX_LANGUAGE_STANDARD = "gnu++0x";
				CLANG_CXX_LIBRARY = "libc++";
				CLANG_ENABLE_MODULES = YES;
				CLANG_ENABLE_OBJC_ARC = YES;
				CLANG_WARN_BOOL_CONVERSION = YES;
				CLANG_WARN_CONSTANT_CONVERSION = YES;
				CLANG_WARN_DIRECT_OBJC_ISA_USAGE = YES_ERROR;
				CLANG_WARN_EMPTY_BODY = YES;
				CLANG_WARN_ENUM_CONVERSION = YES;
				CLANG_WARN_INT_CONVERSION = YES;
				CLANG_WARN_OBJC_ROOT_CLASS = YES_ERROR;
				CLANG_WARN__DUPLICATE_METHOD_MATCH = YES;
				"CODE_SIGN_IDENTITY[sdk=iphoneos*]" = "iPhone Developer";
				COPY_PHASE_STRIP = NO;
				GCC_C_LANGUAGE_STANDARD = gnu99;
				GCC_DYNAMIC_NO_PIC = NO;
				GCC_OPTIMIZATION_LEVEL = 0;
				GCC_PREPROCESSOR_DEFINITIONS = (
					"DEBUG=1",
					"$(inherited)",
				);
				GCC_SYMBOLS_PRIVATE_EXTERN = NO;
				GCC_WARN_64_TO_32_BIT_CONVERSION = YES;
				GCC_WARN_ABOUT_RETURN_TYPE = YES_ERROR;
				GCC_WARN_UNDECLARED_SELECTOR = YES;
				GCC_WARN_UNINITIALIZED_AUTOS = YES_AGGRESSIVE;
				GCC_WARN_UNUSED_FUNCTION = YES;
				GCC_WARN_UNUSED_VARIABLE = YES;
				IPHONEOS_DEPLOYMENT_TARGET = 7.1;
				ONLY_ACTIVE_ARCH = YES;
				SDKROOT = iphoneos;
			};
			name = Debug;
		};
		5237D0ED199A98C900DE55B5 /* Release */ = {
			isa = XCBuildConfiguration;
			buildSettings = {
				ALWAYS_SEARCH_USER_PATHS = NO;
				CLANG_CXX_LANGUAGE_STANDARD = "gnu++0x";
				CLANG_CXX_LIBRARY = "libc++";
				CLANG_ENABLE_MODULES = YES;
				CLANG_ENABLE_OBJC_ARC = YES;
				CLANG_WARN_BOOL_CONVERSION = YES;
				CLANG_WARN_CONSTANT_CONVERSION = YES;
				CLANG_WARN_DIRECT_OBJC_ISA_USAGE = YES_ERROR;
				CLANG_WARN_EMPTY_BODY = YES;
				CLANG_WARN_ENUM_CONVERSION = YES;
				CLANG_WARN_INT_CONVERSION = YES;
				CLANG_WARN_OBJC_ROOT_CLASS = YES_ERROR;
				CLANG_WARN__DUPLICATE_METHOD_MATCH = YES;
				"CODE_SIGN_IDENTITY[sdk=iphoneos*]" = "iPhone Developer";
				COPY_PHASE_STRIP = YES;
				ENABLE_NS_ASSERTIONS = NO;
				GCC_C_LANGUAGE_STANDARD = gnu99;
				GCC_WARN_64_TO_32_BIT_CONVERSION = YES;
				GCC_WARN_ABOUT_RETURN_TYPE = YES_ERROR;
				GCC_WARN_UNDECLARED_SELECTOR = YES;
				GCC_WARN_UNINITIALIZED_AUTOS = YES_AGGRESSIVE;
				GCC_WARN_UNUSED_FUNCTION = YES;
				GCC_WARN_UNUSED_VARIABLE = YES;
				IPHONEOS_DEPLOYMENT_TARGET = 7.1;
				SDKROOT = iphoneos;
				VALIDATE_PRODUCT = YES;
			};
			name = Release;
		};
		5237D0EF199A98C900DE55B5 /* Debug */ = {
			isa = XCBuildConfiguration;
			buildSettings = {
				ASSETCATALOG_COMPILER_APPICON_NAME = AppIcon;
				ASSETCATALOG_COMPILER_LAUNCHIMAGE_NAME = LaunchImage;
				GCC_PRECOMPILE_PREFIX_HEADER = YES;
				GCC_PREFIX_HEADER = "ScreenMockDemo/ScreenMockDemo-Prefix.pch";
				INFOPLIST_FILE = "ScreenMockDemo/ScreenMockDemo-Info.plist";
				PRODUCT_NAME = "$(TARGET_NAME)";
				WRAPPER_EXTENSION = app;
			};
			name = Debug;
		};
		5237D0F0199A98C900DE55B5 /* Release */ = {
			isa = XCBuildConfiguration;
			buildSettings = {
				ASSETCATALOG_COMPILER_APPICON_NAME = AppIcon;
				ASSETCATALOG_COMPILER_LAUNCHIMAGE_NAME = LaunchImage;
				GCC_PRECOMPILE_PREFIX_HEADER = YES;
				GCC_PREFIX_HEADER = "ScreenMockDemo/ScreenMockDemo-Prefix.pch";
				INFOPLIST_FILE = "ScreenMockDemo/ScreenMockDemo-Info.plist";
				PRODUCT_NAME = "$(TARGET_NAME)";
				WRAPPER_EXTENSION = app;
			};
			name = Release;
		};
		5237D0F2199A98C900DE55B5 /* Debug */ = {
			isa = XCBuildConfiguration;
			buildSettings = {
				BUNDLE_LOADER = "$(BUILT_PRODUCTS_DIR)/ScreenMockDemo.app/ScreenMockDemo";
				FRAMEWORK_SEARCH_PATHS = (
					"$(SDKROOT)/Developer/Library/Frameworks",
					"$(inherited)",
					"$(DEVELOPER_FRAMEWORKS_DIR)",
				);
				GCC_PRECOMPILE_PREFIX_HEADER = YES;
				GCC_PREFIX_HEADER = "ScreenMockDemo/ScreenMockDemo-Prefix.pch";
				GCC_PREPROCESSOR_DEFINITIONS = (
					"DEBUG=1",
					"$(inherited)",
				);
				INFOPLIST_FILE = "ScreenMockDemoTests/ScreenMockDemoTests-Info.plist";
				PRODUCT_NAME = "$(TARGET_NAME)";
				TEST_HOST = "$(BUNDLE_LOADER)";
				WRAPPER_EXTENSION = xctest;
			};
			name = Debug;
		};
		5237D0F3199A98C900DE55B5 /* Release */ = {
			isa = XCBuildConfiguration;
			buildSettings = {
				BUNDLE_LOADER = "$(BUILT_PRODUCTS_DIR)/ScreenMockDemo.app/ScreenMockDemo";
				FRAMEWORK_SEARCH_PATHS = (
					"$(SDKROOT)/Developer/Library/Frameworks",
					"$(inherited)",
					"$(DEVELOPER_FRAMEWORKS_DIR)",
				);
				GCC_PRECOMPILE_PREFIX_HEADER = YES;
				GCC_PREFIX_HEADER = "ScreenMockDemo/ScreenMockDemo-Prefix.pch";
				INFOPLIST_FILE = "ScreenMockDemoTests/ScreenMockDemoTests-Info.plist";
				PRODUCT_NAME = "$(TARGET_NAME)";
				TEST_HOST = "$(BUNDLE_LOADER)";
				WRAPPER_EXTENSION = xctest;
			};
			name = Release;
		};
/* End XCBuildConfiguration section */

/* Begin XCConfigurationList section */
		5237D0B4199A98C800DE55B5 /* Build configuration list for PBXProject "ScreenMockDemo" */ = {
			isa = XCConfigurationList;
			buildConfigurations = (
				5237D0EC199A98C900DE55B5 /* Debug */,
				5237D0ED199A98C900DE55B5 /* Release */,
			);
			defaultConfigurationIsVisible = 0;
			defaultConfigurationName = Release;
		};
		5237D0EE199A98C900DE55B5 /* Build configuration list for PBXNativeTarget "ScreenMockDemo" */ = {
			isa = XCConfigurationList;
			buildConfigurations = (
				5237D0EF199A98C900DE55B5 /* Debug */,
				5237D0F0199A98C900DE55B5 /* Release */,
			);
			defaultConfigurationIsVisible = 0;
			defaultConfigurationName = Release;
		};
		5237D0F1199A98C900DE55B5 /* Build configuration list for PBXNativeTarget "ScreenMockDemoTests" */ = {
			isa = XCConfigurationList;
			buildConfigurations = (
				5237D0F2199A98C900DE55B5 /* Debug */,
				5237D0F3199A98C900DE55B5 /* Release */,
			);
			defaultConfigurationIsVisible = 0;
			defaultConfigurationName = Release;
		};
/* End XCConfigurationList section */
	};
	rootObject = 5237D0B1199A98C800DE55B5 /* Project object */;
}
